
Microsoft Visual Studio Solution File, Format Version 12.00
# Visual Studio 15
VisualStudioVersion = 15.0.28010.2036
MinimumVisualStudioVersion = 10.0.40219.1
Project("{FAE04EC0-301F-11D3-BF4B-00C04F79EFBC}") = "IT1050Lab6EleasarNignan", "IT1050Lab6EleasarNignan\IT1050Lab6EleasarNignan.csproj", "{01B1309D-8D97-45D1-BBF0-031438F17672}"
EndProject
Global
	GlobalSection(SolutionConfigurationPlatforms) = preSolution
		Debug|Any CPU = Debug|Any CPU
		Release|Any CPU = Release|Any CPU
	EndGlobalSection
	GlobalSection(ProjectConfigurationPlatforms) = postSolution
		{01B1309D-8D97-45D1-BBF0-031438F17672}.Debug|Any CPU.ActiveCfg = Debug|Any CPU
		{01B1309D-8D97-45D1-BBF0-031438F17672}.Debug|Any CPU.Build.0 = Debug|Any CPU
		{01B1309D-8D97-45D1-BBF0-031438F17672}.Release|Any CPU.ActiveCfg = Release|Any CPU
		{01B1309D-8D97-45D1-BBF0-031438F17672}.Release|Any CPU.Build.0 = Release|Any CPU
	EndGlobalSection
	GlobalSection(SolutionProperties) = preSolution
		HideSolutionNode = FALSE
	EndGlobalSection
	GlobalSection(ExtensibilityGlobals) = postSolution
		SolutionGuid = {E425B189-0F7D-4166-AD4F-FA7739C7BA6E}
	EndGlobalSection
EndGlobal
