
Microsoft Visual Studio Solution File, Format Version 12.00
# Visual Studio 15
VisualStudioVersion = 15.0.28010.2036
MinimumVisualStudioVersion = 10.0.40219.1
Project("{FAE04EC0-301F-11D3-BF4B-00C04F79EFBC}") = "IT1050Midterm", "IT1050Midterm\IT1050Midterm.csproj", "{1E651B5C-425D-4A08-8D54-48C792DBC8FA}"
EndProject
Global
	GlobalSection(SolutionConfigurationPlatforms) = preSolution
		Debug|Any CPU = Debug|Any CPU
		Release|Any CPU = Release|Any CPU
	EndGlobalSection
	GlobalSection(ProjectConfigurationPlatforms) = postSolution
		{1E651B5C-425D-4A08-8D54-48C792DBC8FA}.Debug|Any CPU.ActiveCfg = Debug|Any CPU
		{1E651B5C-425D-4A08-8D54-48C792DBC8FA}.Debug|Any CPU.Build.0 = Debug|Any CPU
		{1E651B5C-425D-4A08-8D54-48C792DBC8FA}.Release|Any CPU.ActiveCfg = Release|Any CPU
		{1E651B5C-425D-4A08-8D54-48C792DBC8FA}.Release|Any CPU.Build.0 = Release|Any CPU
	EndGlobalSection
	GlobalSection(SolutionProperties) = preSolution
		HideSolutionNode = FALSE
	EndGlobalSection
	GlobalSection(ExtensibilityGlobals) = postSolution
		SolutionGuid = {9C01983C-2B3F-4963-89B0-E208006FBDE5}
	EndGlobalSection
EndGlobal
